
Microsoft Visual Studio Solution File, Format Version 10.00
# Visual C# Express 2008
Project("{FAE04EC0-301F-11D3-BF4B-00C04F79EFBC}") = "Azzi Sprite Manager", "Azzi Sprite Manager\Azzi Sprite Manager.csproj", "{A52EAE56-32C0-4FDD-83BD-3A5C52E7DCDC}"
EndProject
Global
	GlobalSection(SolutionConfigurationPlatforms) = preSolution
		Debug|Any CPU = Debug|Any CPU
		Release|Any CPU = Release|Any CPU
	EndGlobalSection
	GlobalSection(ProjectConfigurationPlatforms) = postSolution
		{A52EAE56-32C0-4FDD-83BD-3A5C52E7DCDC}.Debug|Any CPU.ActiveCfg = Debug|Any CPU
		{A52EAE56-32C0-4FDD-83BD-3A5C52E7DCDC}.Debug|Any CPU.Build.0 = Debug|Any CPU
		{A52EAE56-32C0-4FDD-83BD-3A5C52E7DCDC}.Release|Any CPU.ActiveCfg = Release|Any CPU
		{A52EAE56-32C0-4FDD-83BD-3A5C52E7DCDC}.Release|Any CPU.Build.0 = Release|Any CPU
	EndGlobalSection
	GlobalSection(SolutionProperties) = preSolution
		HideSolutionNode = FALSE
	EndGlobalSection
EndGlobal
